
Microsoft Visual Studio Solution File, Format Version 12.00
# Visual Studio Version 17
VisualStudioVersion = 17.2.32630.192
MinimumVisualStudioVersion = 10.0.40219.1
Project("{9A19103F-16F7-4668-BE54-9A1E7A4F7556}") = "PersonalWebsite.Server", "PersonalWebsite\Server\PersonalWebsite.Server.csproj", "{55195636-DE5C-4397-B288-54653ECA08C0}"
EndProject
Project("{9A19103F-16F7-4668-BE54-9A1E7A4F7556}") = "PersonalWebsite.Client", "PersonalWebsite\Client\PersonalWebsite.Client.csproj", "{435BC68D-7DCF-498C-8FB0-998D97773D51}"
EndProject
Project("{9A19103F-16F7-4668-BE54-9A1E7A4F7556}") = "PersonalWebsite.Shared", "PersonalWebsite\Shared\PersonalWebsite.Shared.csproj", "{4C434567-5EBE-4B90-BD67-E9B3D49BA7B4}"
EndProject
Global
	GlobalSection(SolutionConfigurationPlatforms) = preSolution
		Debug|Any CPU = Debug|Any CPU
		Release|Any CPU = Release|Any CPU
	EndGlobalSection
	GlobalSection(ProjectConfigurationPlatforms) = postSolution
		{55195636-DE5C-4397-B288-54653ECA08C0}.Debug|Any CPU.ActiveCfg = Debug|Any CPU
		{55195636-DE5C-4397-B288-54653ECA08C0}.Debug|Any CPU.Build.0 = Debug|Any CPU
		{55195636-DE5C-4397-B288-54653ECA08C0}.Release|Any CPU.ActiveCfg = Release|Any CPU
		{55195636-DE5C-4397-B288-54653ECA08C0}.Release|Any CPU.Build.0 = Release|Any CPU
		{435BC68D-7DCF-498C-8FB0-998D97773D51}.Debug|Any CPU.ActiveCfg = Debug|Any CPU
		{435BC68D-7DCF-498C-8FB0-998D97773D51}.Debug|Any CPU.Build.0 = Debug|Any CPU
		{435BC68D-7DCF-498C-8FB0-998D97773D51}.Release|Any CPU.ActiveCfg = Release|Any CPU
		{435BC68D-7DCF-498C-8FB0-998D97773D51}.Release|Any CPU.Build.0 = Release|Any CPU
		{4C434567-5EBE-4B90-BD67-E9B3D49BA7B4}.Debug|Any CPU.ActiveCfg = Debug|Any CPU
		{4C434567-5EBE-4B90-BD67-E9B3D49BA7B4}.Debug|Any CPU.Build.0 = Debug|Any CPU
		{4C434567-5EBE-4B90-BD67-E9B3D49BA7B4}.Release|Any CPU.ActiveCfg = Release|Any CPU
		{4C434567-5EBE-4B90-BD67-E9B3D49BA7B4}.Release|Any CPU.Build.0 = Release|Any CPU
	EndGlobalSection
	GlobalSection(SolutionProperties) = preSolution
		HideSolutionNode = FALSE
	EndGlobalSection
	GlobalSection(ExtensibilityGlobals) = postSolution
		SolutionGuid = {6BE0C0E7-3FCD-4E25-9154-93AA79A9BE16}
	EndGlobalSection
EndGlobal
